// !$*UTF8*$!
{
	archiveVersion = 1;
	classes = {
	};
	objectVersion = 50;
	objects = {

/* Begin PBXBuildFile section */
		2F28792E2182F93D00394016 /* DetailsViewController.swift in Sources */ = {isa = PBXBuildFile; fileRef = 2F28792D2182F93D00394016 /* DetailsViewController.swift */; };
		2F2879302182FAC700394016 /* AppCoordinator.swift in Sources */ = {isa = PBXBuildFile; fileRef = 2F28792F2182FAC700394016 /* AppCoordinator.swift */; };
		2F2879332182FD3F00394016 /* HomeCoordinator.swift in Sources */ = {isa = PBXBuildFile; fileRef = 2F2879322182FD3F00394016 /* HomeCoordinator.swift */; };
		2F2879352182FE9300394016 /* Screens.swift in Sources */ = {isa = PBXBuildFile; fileRef = 2F2879342182FE9300394016 /* Screens.swift */; };
		2F287937218303BA00394016 /* DetailsViewModel.swift in Sources */ = {isa = PBXBuildFile; fileRef = 2F287936218303BA00394016 /* DetailsViewModel.swift */; };
		2F30289621B6B41C00C11CA4 /* HomeRepositoryTests.swift in Sources */ = {isa = PBXBuildFile; fileRef = 2F30289521B6B41C00C11CA4 /* HomeRepositoryTests.swift */; };
		2F3599D6219578AC00E32704 /* HomeViewModelTests.swift in Sources */ = {isa = PBXBuildFile; fileRef = 2F3599D5219578AC00E32704 /* HomeViewModelTests.swift */; };
		2FE7677021B570BF002269B3 /* README.md in Resources */ = {isa = PBXBuildFile; fileRef = 2FE7676F21B570BF002269B3 /* README.md */; };
		2FF117162179B38800D78431 /* AppDelegate.swift in Sources */ = {isa = PBXBuildFile; fileRef = 2FF117152179B38800D78431 /* AppDelegate.swift */; };
		2FF1171B2179B38800D78431 /* Main.storyboard in Resources */ = {isa = PBXBuildFile; fileRef = 2FF117192179B38800D78431 /* Main.storyboard */; };
		2FF1171D2179B38900D78431 /* Assets.xcassets in Resources */ = {isa = PBXBuildFile; fileRef = 2FF1171C2179B38900D78431 /* Assets.xcassets */; };
		2FF117202179B38900D78431 /* LaunchScreen.storyboard in Resources */ = {isa = PBXBuildFile; fileRef = 2FF1171E2179B38900D78431 /* LaunchScreen.storyboard */; };
		2FF117392179B61900D78431 /* HomeViewController.swift in Sources */ = {isa = PBXBuildFile; fileRef = 2FF117382179B61900D78431 /* HomeViewController.swift */; };
		2FF1173B2179B62100D78431 /* HomeViewModel.swift in Sources */ = {isa = PBXBuildFile; fileRef = 2FF1173A2179B62100D78431 /* HomeViewModel.swift */; };
		2FF1173D2179B62F00D78431 /* HomeRepository.swift in Sources */ = {isa = PBXBuildFile; fileRef = 2FF1173C2179B62F00D78431 /* HomeRepository.swift */; };
		2FF1173F2179B63F00D78431 /* HomeViewControllerDataSource.swift in Sources */ = {isa = PBXBuildFile; fileRef = 2FF1173E2179B63F00D78431 /* HomeViewControllerDataSource.swift */; };
		2FF117422179B65300D78431 /* ItemTableViewCell.swift in Sources */ = {isa = PBXBuildFile; fileRef = 2FF117412179B65300D78431 /* ItemTableViewCell.swift */; };
		2FF117462179B93700D78431 /* Stuff.swift in Sources */ = {isa = PBXBuildFile; fileRef = 2FF117452179B93700D78431 /* Stuff.swift */; };
/* End PBXBuildFile section */

/* Begin PBXContainerItemProxy section */
		2FF117272179B38900D78431 /* PBXContainerItemProxy */ = {
			isa = PBXContainerItemProxy;
			containerPortal = 2FF1170A2179B38800D78431 /* Project object */;
			proxyType = 1;
			remoteGlobalIDString = 2FF117112179B38800D78431;
			remoteInfo = mvvmApp;
		};
/* End PBXContainerItemProxy section */

/* Begin PBXFileReference section */
		2F28792D2182F93D00394016 /* DetailsViewController.swift */ = {isa = PBXFileReference; lastKnownFileType = sourcecode.swift; path = DetailsViewController.swift; sourceTree = "<group>"; };
		2F28792F2182FAC700394016 /* AppCoordinator.swift */ = {isa = PBXFileReference; lastKnownFileType = sourcecode.swift; path = AppCoordinator.swift; sourceTree = "<group>"; };
		2F2879322182FD3F00394016 /* HomeCoordinator.swift */ = {isa = PBXFileReference; lastKnownFileType = sourcecode.swift; path = HomeCoordinator.swift; sourceTree = "<group>"; };
		2F2879342182FE9300394016 /* Screens.swift */ = {isa = PBXFileReference; lastKnownFileType = sourcecode.swift; path = Screens.swift; sourceTree = "<group>"; };
		2F287936218303BA00394016 /* DetailsViewModel.swift */ = {isa = PBXFileReference; lastKnownFileType = sourcecode.swift; path = DetailsViewModel.swift; sourceTree = "<group>"; };
		2F30289521B6B41C00C11CA4 /* HomeRepositoryTests.swift */ = {isa = PBXFileReference; lastKnownFileType = sourcecode.swift; path = HomeRepositoryTests.swift; sourceTree = "<group>"; };
		2F3599D4219578AB00E32704 /* mvvmAppTests-Bridging-Header.h */ = {isa = PBXFileReference; lastKnownFileType = sourcecode.c.h; path = "mvvmAppTests-Bridging-Header.h"; sourceTree = "<group>"; };
		2F3599D5219578AC00E32704 /* HomeViewModelTests.swift */ = {isa = PBXFileReference; lastKnownFileType = sourcecode.swift; path = HomeViewModelTests.swift; sourceTree = "<group>"; };
		2FE7676F21B570BF002269B3 /* README.md */ = {isa = PBXFileReference; fileEncoding = 4; lastKnownFileType = net.daringfireball.markdown; path = README.md; sourceTree = SOURCE_ROOT; };
		2FF117122179B38800D78431 /* mvvmApp.app */ = {isa = PBXFileReference; explicitFileType = wrapper.application; includeInIndex = 0; path = mvvmApp.app; sourceTree = BUILT_PRODUCTS_DIR; };
		2FF117152179B38800D78431 /* AppDelegate.swift */ = {isa = PBXFileReference; lastKnownFileType = sourcecode.swift; path = AppDelegate.swift; sourceTree = "<group>"; };
		2FF1171A2179B38800D78431 /* Base */ = {isa = PBXFileReference; lastKnownFileType = file.storyboard; name = Base; path = Base.lproj/Main.storyboard; sourceTree = "<group>"; };
		2FF1171C2179B38900D78431 /* Assets.xcassets */ = {isa = PBXFileReference; lastKnownFileType = folder.assetcatalog; path = Assets.xcassets; sourceTree = "<group>"; };
		2FF1171F2179B38900D78431 /* Base */ = {isa = PBXFileReference; lastKnownFileType = file.storyboard; name = Base; path = Base.lproj/LaunchScreen.storyboard; sourceTree = "<group>"; };
		2FF117212179B38900D78431 /* Info.plist */ = {isa = PBXFileReference; lastKnownFileType = text.plist.xml; path = Info.plist; sourceTree = "<group>"; };
		2FF117262179B38900D78431 /* mvvmAppTests.xctest */ = {isa = PBXFileReference; explicitFileType = wrapper.cfbundle; includeInIndex = 0; path = mvvmAppTests.xctest; sourceTree = BUILT_PRODUCTS_DIR; };
		2FF1172C2179B38900D78431 /* Info.plist */ = {isa = PBXFileReference; lastKnownFileType = text.plist.xml; path = Info.plist; sourceTree = "<group>"; };
		2FF117382179B61900D78431 /* HomeViewController.swift */ = {isa = PBXFileReference; lastKnownFileType = sourcecode.swift; path = HomeViewController.swift; sourceTree = "<group>"; };
		2FF1173A2179B62100D78431 /* HomeViewModel.swift */ = {isa = PBXFileReference; lastKnownFileType = sourcecode.swift; path = HomeViewModel.swift; sourceTree = "<group>"; };
		2FF1173C2179B62F00D78431 /* HomeRepository.swift */ = {isa = PBXFileReference; lastKnownFileType = sourcecode.swift; path = HomeRepository.swift; sourceTree = "<group>"; };
		2FF1173E2179B63F00D78431 /* HomeViewControllerDataSource.swift */ = {isa = PBXFileReference; lastKnownFileType = sourcecode.swift; path = HomeViewControllerDataSource.swift; sourceTree = "<group>"; };
		2FF117412179B65300D78431 /* ItemTableViewCell.swift */ = {isa = PBXFileReference; lastKnownFileType = sourcecode.swift; path = ItemTableViewCell.swift; sourceTree = "<group>"; };
		2FF117452179B93700D78431 /* Stuff.swift */ = {isa = PBXFileReference; lastKnownFileType = sourcecode.swift; path = Stuff.swift; sourceTree = "<group>"; };
/* End PBXFileReference section */

/* Begin PBXFrameworksBuildPhase section */
		2FF1170F2179B38800D78431 /* Frameworks */ = {
			isa = PBXFrameworksBuildPhase;
			buildActionMask = 2147483647;
			files = (
			);
			runOnlyForDeploymentPostprocessing = 0;
		};
		2FF117232179B38900D78431 /* Frameworks */ = {
			isa = PBXFrameworksBuildPhase;
			buildActionMask = 2147483647;
			files = (
			);
			runOnlyForDeploymentPostprocessing = 0;
		};
/* End PBXFrameworksBuildPhase section */

/* Begin PBXGroup section */
		2F28792C2182F8F500394016 /* Details */ = {
			isa = PBXGroup;
			children = (
				2F28792D2182F93D00394016 /* DetailsViewController.swift */,
				2F287936218303BA00394016 /* DetailsViewModel.swift */,
			);
			path = Details;
			sourceTree = "<group>";
		};
		2F2879312182FD2F00394016 /* Navigation */ = {
			isa = PBXGroup;
			children = (
				2F2879342182FE9300394016 /* Screens.swift */,
				2F2879322182FD3F00394016 /* HomeCoordinator.swift */,
			);
			path = Navigation;
			sourceTree = "<group>";
		};
		2F3599D32195788F00E32704 /* Home */ = {
			isa = PBXGroup;
			children = (
				2F3599D5219578AC00E32704 /* HomeViewModelTests.swift */,
				2F30289521B6B41C00C11CA4 /* HomeRepositoryTests.swift */,
			);
			path = Home;
			sourceTree = "<group>";
		};
		2FF117092179B38800D78431 = {
			isa = PBXGroup;
			children = (
				2FF117142179B38800D78431 /* mvvmApp */,
				2FF117292179B38900D78431 /* mvvmAppTests */,
				2FF117132179B38800D78431 /* Products */,
			);
			sourceTree = "<group>";
		};
		2FF117132179B38800D78431 /* Products */ = {
			isa = PBXGroup;
			children = (
				2FF117122179B38800D78431 /* mvvmApp.app */,
				2FF117262179B38900D78431 /* mvvmAppTests.xctest */,
			);
			name = Products;
			sourceTree = "<group>";
		};
		2FF117142179B38800D78431 /* mvvmApp */ = {
			isa = PBXGroup;
			children = (
				2FE7676F21B570BF002269B3 /* README.md */,
				2FF117352179B3FE00D78431 /* Sources */,
				2FF117362179B40600D78431 /* Ressources */,
			);
			path = mvvmApp;
			sourceTree = "<group>";
		};
		2FF117292179B38900D78431 /* mvvmAppTests */ = {
			isa = PBXGroup;
			children = (
				2FF1172C2179B38900D78431 /* Info.plist */,
				2F3599D4219578AB00E32704 /* mvvmAppTests-Bridging-Header.h */,
				2F3599D32195788F00E32704 /* Home */,
			);
			path = mvvmAppTests;
			sourceTree = "<group>";
		};
		2FF117352179B3FE00D78431 /* Sources */ = {
			isa = PBXGroup;
			children = (
				2FF117192179B38800D78431 /* Main.storyboard */,
				2FF117152179B38800D78431 /* AppDelegate.swift */,
				2F28792F2182FAC700394016 /* AppCoordinator.swift */,
				2F2879312182FD2F00394016 /* Navigation */,
				2FF117372179B60500D78431 /* Home */,
				2F28792C2182F8F500394016 /* Details */,
			);
			path = Sources;
			sourceTree = "<group>";
		};
		2FF117362179B40600D78431 /* Ressources */ = {
			isa = PBXGroup;
			children = (
				2FF117212179B38900D78431 /* Info.plist */,
				2FF1171C2179B38900D78431 /* Assets.xcassets */,
				2FF1171E2179B38900D78431 /* LaunchScreen.storyboard */,
			);
			path = Ressources;
			sourceTree = "<group>";
		};
		2FF117372179B60500D78431 /* Home */ = {
			isa = PBXGroup;
			children = (
				2FF117432179B8F600D78431 /* Model */,
				2FF117402179B64800D78431 /* Cells */,
				2FF117382179B61900D78431 /* HomeViewController.swift */,
				2FF1173A2179B62100D78431 /* HomeViewModel.swift */,
				2FF1173C2179B62F00D78431 /* HomeRepository.swift */,
				2FF1173E2179B63F00D78431 /* HomeViewControllerDataSource.swift */,
			);
			path = Home;
			sourceTree = "<group>";
		};
		2FF117402179B64800D78431 /* Cells */ = {
			isa = PBXGroup;
			children = (
				2FF117412179B65300D78431 /* ItemTableViewCell.swift */,
			);
			path = Cells;
			sourceTree = "<group>";
		};
		2FF117432179B8F600D78431 /* Model */ = {
			isa = PBXGroup;
			children = (
				2FF117452179B93700D78431 /* Stuff.swift */,
			);
			path = Model;
			sourceTree = "<group>";
		};
/* End PBXGroup section */

/* Begin PBXNativeTarget section */
		2FF117112179B38800D78431 /* mvvmApp */ = {
			isa = PBXNativeTarget;
			buildConfigurationList = 2FF1172F2179B38900D78431 /* Build configuration list for PBXNativeTarget "mvvmApp" */;
			buildPhases = (
				2FF1170E2179B38800D78431 /* Sources */,
				2FF1170F2179B38800D78431 /* Frameworks */,
				2FF117102179B38800D78431 /* Resources */,
			);
			buildRules = (
			);
			dependencies = (
			);
			name = mvvmApp;
			productName = mvvmApp;
			productReference = 2FF117122179B38800D78431 /* mvvmApp.app */;
			productType = "com.apple.product-type.application";
		};
		2FF117252179B38900D78431 /* mvvmAppTests */ = {
			isa = PBXNativeTarget;
			buildConfigurationList = 2FF117322179B38900D78431 /* Build configuration list for PBXNativeTarget "mvvmAppTests" */;
			buildPhases = (
				2FF117222179B38900D78431 /* Sources */,
				2FF117232179B38900D78431 /* Frameworks */,
				2FF117242179B38900D78431 /* Resources */,
			);
			buildRules = (
			);
			dependencies = (
				2FF117282179B38900D78431 /* PBXTargetDependency */,
			);
			name = mvvmAppTests;
			productName = mvvmAppTests;
			productReference = 2FF117262179B38900D78431 /* mvvmAppTests.xctest */;
			productType = "com.apple.product-type.bundle.unit-test";
		};
/* End PBXNativeTarget section */

/* Begin PBXProject section */
		2FF1170A2179B38800D78431 /* Project object */ = {
			isa = PBXProject;
			attributes = {
				LastSwiftUpdateCheck = 1000;
				LastUpgradeCheck = 1000;
				ORGANIZATIONNAME = OPC;
				TargetAttributes = {
					2FF117112179B38800D78431 = {
						CreatedOnToolsVersion = 10.0;
					};
					2FF117252179B38900D78431 = {
						CreatedOnToolsVersion = 10.0;
						LastSwiftMigration = 1010;
						TestTargetID = 2FF117112179B38800D78431;
					};
				};
			};
			buildConfigurationList = 2FF1170D2179B38800D78431 /* Build configuration list for PBXProject "mvvmApp" */;
			compatibilityVersion = "Xcode 9.3";
			developmentRegion = en;
			hasScannedForEncodings = 0;
			knownRegions = (
				en,
				Base,
			);
			mainGroup = 2FF117092179B38800D78431;
			productRefGroup = 2FF117132179B38800D78431 /* Products */;
			projectDirPath = "";
			projectRoot = "";
			targets = (
				2FF117112179B38800D78431 /* mvvmApp */,
				2FF117252179B38900D78431 /* mvvmAppTests */,
			);
		};
/* End PBXProject section */

/* Begin PBXResourcesBuildPhase section */
		2FF117102179B38800D78431 /* Resources */ = {
			isa = PBXResourcesBuildPhase;
			buildActionMask = 2147483647;
			files = (
				2FF117202179B38900D78431 /* LaunchScreen.storyboard in Resources */,
				2FF1171D2179B38900D78431 /* Assets.xcassets in Resources */,
				2FE7677021B570BF002269B3 /* README.md in Resources */,
				2FF1171B2179B38800D78431 /* Main.storyboard in Resources */,
			);
			runOnlyForDeploymentPostprocessing = 0;
		};
		2FF117242179B38900D78431 /* Resources */ = {
			isa = PBXResourcesBuildPhase;
			buildActionMask = 2147483647;
			files = (
			);
			runOnlyForDeploymentPostprocessing = 0;
		};
/* End PBXResourcesBuildPhase section */

/* Begin PBXSourcesBuildPhase section */
		2FF1170E2179B38800D78431 /* Sources */ = {
			isa = PBXSourcesBuildPhase;
			buildActionMask = 2147483647;
			files = (
				2FF1173D2179B62F00D78431 /* HomeRepository.swift in Sources */,
				2FF117162179B38800D78431 /* AppDelegate.swift in Sources */,
				2FF1173B2179B62100D78431 /* HomeViewModel.swift in Sources */,
				2F28792E2182F93D00394016 /* DetailsViewController.swift in Sources */,
				2FF1173F2179B63F00D78431 /* HomeViewControllerDataSource.swift in Sources */,
				2FF117462179B93700D78431 /* Stuff.swift in Sources */,
				2F2879302182FAC700394016 /* AppCoordinator.swift in Sources */,
				2F2879332182FD3F00394016 /* HomeCoordinator.swift in Sources */,
				2FF117422179B65300D78431 /* ItemTableViewCell.swift in Sources */,
				2FF117392179B61900D78431 /* HomeViewController.swift in Sources */,
				2F2879352182FE9300394016 /* Screens.swift in Sources */,
				2F287937218303BA00394016 /* DetailsViewModel.swift in Sources */,
			);
			runOnlyForDeploymentPostprocessing = 0;
		};
		2FF117222179B38900D78431 /* Sources */ = {
			isa = PBXSourcesBuildPhase;
			buildActionMask = 2147483647;
			files = (
				2F30289621B6B41C00C11CA4 /* HomeRepositoryTests.swift in Sources */,
				2F3599D6219578AC00E32704 /* HomeViewModelTests.swift in Sources */,
			);
			runOnlyForDeploymentPostprocessing = 0;
		};
/* End PBXSourcesBuildPhase section */

/* Begin PBXTargetDependency section */
		2FF117282179B38900D78431 /* PBXTargetDependency */ = {
			isa = PBXTargetDependency;
			target = 2FF117112179B38800D78431 /* mvvmApp */;
			targetProxy = 2FF117272179B38900D78431 /* PBXContainerItemProxy */;
		};
/* End PBXTargetDependency section */

/* Begin PBXVariantGroup section */
		2FF117192179B38800D78431 /* Main.storyboard */ = {
			isa = PBXVariantGroup;
			children = (
				2FF1171A2179B38800D78431 /* Base */,
			);
			name = Main.storyboard;
			sourceTree = "<group>";
		};
		2FF1171E2179B38900D78431 /* LaunchScreen.storyboard */ = {
			isa = PBXVariantGroup;
			children = (
				2FF1171F2179B38900D78431 /* Base */,
			);
			name = LaunchScreen.storyboard;
			sourceTree = "<group>";
		};
/* End PBXVariantGroup section */

/* Begin XCBuildConfiguration section */
		2FF1172D2179B38900D78431 /* Debug */ = {
			isa = XCBuildConfiguration;
			buildSettings = {
				ALWAYS_SEARCH_USER_PATHS = NO;
				CLANG_ANALYZER_NONNULL = YES;
				CLANG_ANALYZER_NUMBER_OBJECT_CONVERSION = YES_AGGRESSIVE;
				CLANG_CXX_LANGUAGE_STANDARD = "gnu++14";
				CLANG_CXX_LIBRARY = "libc++";
				CLANG_ENABLE_MODULES = YES;
				CLANG_ENABLE_OBJC_ARC = YES;
				CLANG_ENABLE_OBJC_WEAK = YES;
				CLANG_WARN_BLOCK_CAPTURE_AUTORELEASING = YES;
				CLANG_WARN_BOOL_CONVERSION = YES;
				CLANG_WARN_COMMA = YES;
				CLANG_WARN_CONSTANT_CONVERSION = YES;
				CLANG_WARN_DEPRECATED_OBJC_IMPLEMENTATIONS = YES;
				CLANG_WARN_DIRECT_OBJC_ISA_USAGE = YES_ERROR;
				CLANG_WARN_DOCUMENTATION_COMMENTS = YES;
				CLANG_WARN_EMPTY_BODY = YES;
				CLANG_WARN_ENUM_CONVERSION = YES;
				CLANG_WARN_INFINITE_RECURSION = YES;
				CLANG_WARN_INT_CONVERSION = YES;
				CLANG_WARN_NON_LITERAL_NULL_CONVERSION = YES;
				CLANG_WARN_OBJC_IMPLICIT_RETAIN_SELF = YES;
				CLANG_WARN_OBJC_LITERAL_CONVERSION = YES;
				CLANG_WARN_OBJC_ROOT_CLASS = YES_ERROR;
				CLANG_WARN_RANGE_LOOP_ANALYSIS = YES;
				CLANG_WARN_STRICT_PROTOTYPES = YES;
				CLANG_WARN_SUSPICIOUS_MOVE = YES;
				CLANG_WARN_UNGUARDED_AVAILABILITY = YES_AGGRESSIVE;
				CLANG_WARN_UNREACHABLE_CODE = YES;
				CLANG_WARN__DUPLICATE_METHOD_MATCH = YES;
				CODE_SIGN_IDENTITY = "iPhone Developer";
				COPY_PHASE_STRIP = NO;
				DEBUG_INFORMATION_FORMAT = dwarf;
				ENABLE_STRICT_OBJC_MSGSEND = YES;
				ENABLE_TESTABILITY = YES;
				GCC_C_LANGUAGE_STANDARD = gnu11;
				GCC_DYNAMIC_NO_PIC = NO;
				GCC_NO_COMMON_BLOCKS = YES;
				GCC_OPTIMIZATION_LEVEL = 0;
				GCC_PREPROCESSOR_DEFINITIONS = (
					"DEBUG=1",
					"$(inherited)",
				);
				GCC_WARN_64_TO_32_BIT_CONVERSION = YES;
				GCC_WARN_ABOUT_RETURN_TYPE = YES_ERROR;
				GCC_WARN_UNDECLARED_SELECTOR = YES;
				GCC_WARN_UNINITIALIZED_AUTOS = YES_AGGRESSIVE;
				GCC_WARN_UNUSED_FUNCTION = YES;
				GCC_WARN_UNUSED_VARIABLE = YES;
				IPHONEOS_DEPLOYMENT_TARGET = 12.0;
				MTL_ENABLE_DEBUG_INFO = INCLUDE_SOURCE;
				MTL_FAST_MATH = YES;
				ONLY_ACTIVE_ARCH = YES;
				SDKROOT = iphoneos;
				SWIFT_ACTIVE_COMPILATION_CONDITIONS = DEBUG;
				SWIFT_OPTIMIZATION_LEVEL = "-Onone";
			};
			name = Debug;
		};
		2FF1172E2179B38900D78431 /* Release */ = {
			isa = XCBuildConfiguration;
			buildSettings = {
				ALWAYS_SEARCH_USER_PATHS = NO;
				CLANG_ANALYZER_NONNULL = YES;
				CLANG_ANALYZER_NUMBER_OBJECT_CONVERSION = YES_AGGRESSIVE;
				CLANG_CXX_LANGUAGE_STANDARD = "gnu++14";
				CLANG_CXX_LIBRARY = "libc++";
				CLANG_ENABLE_MODULES = YES;
				CLANG_ENABLE_OBJC_ARC = YES;
				CLANG_ENABLE_OBJC_WEAK = YES;
				CLANG_WARN_BLOCK_CAPTURE_AUTORELEASING = YES;
				CLANG_WARN_BOOL_CONVERSION = YES;
				CLANG_WARN_COMMA = YES;
				CLANG_WARN_CONSTANT_CONVERSION = YES;
				CLANG_WARN_DEPRECATED_OBJC_IMPLEMENTATIONS = YES;
				CLANG_WARN_DIRECT_OBJC_ISA_USAGE = YES_ERROR;
				CLANG_WARN_DOCUMENTATION_COMMENTS = YES;
				CLANG_WARN_EMPTY_BODY = YES;
				CLANG_WARN_ENUM_CONVERSION = YES;
				CLANG_WARN_INFINITE_RECURSION = YES;
				CLANG_WARN_INT_CONVERSION = YES;
				CLANG_WARN_NON_LITERAL_NULL_CONVERSION = YES;
				CLANG_WARN_OBJC_IMPLICIT_RETAIN_SELF = YES;
				CLANG_WARN_OBJC_LITERAL_CONVERSION = YES;
				CLANG_WARN_OBJC_ROOT_CLASS = YES_ERROR;
				CLANG_WARN_RANGE_LOOP_ANALYSIS = YES;
				CLANG_WARN_STRICT_PROTOTYPES = YES;
				CLANG_WARN_SUSPICIOUS_MOVE = YES;
				CLANG_WARN_UNGUARDED_AVAILABILITY = YES_AGGRESSIVE;
				CLANG_WARN_UNREACHABLE_CODE = YES;
				CLANG_WARN__DUPLICATE_METHOD_MATCH = YES;
				CODE_SIGN_IDENTITY = "iPhone Developer";
				COPY_PHASE_STRIP = NO;
				DEBUG_INFORMATION_FORMAT = "dwarf-with-dsym";
				ENABLE_NS_ASSERTIONS = NO;
				ENABLE_STRICT_OBJC_MSGSEND = YES;
				GCC_C_LANGUAGE_STANDARD = gnu11;
				GCC_NO_COMMON_BLOCKS = YES;
				GCC_WARN_64_TO_32_BIT_CONVERSION = YES;
				GCC_WARN_ABOUT_RETURN_TYPE = YES_ERROR;
				GCC_WARN_UNDECLARED_SELECTOR = YES;
				GCC_WARN_UNINITIALIZED_AUTOS = YES_AGGRESSIVE;
				GCC_WARN_UNUSED_FUNCTION = YES;
				GCC_WARN_UNUSED_VARIABLE = YES;
				IPHONEOS_DEPLOYMENT_TARGET = 12.0;
				MTL_ENABLE_DEBUG_INFO = NO;
				MTL_FAST_MATH = YES;
				SDKROOT = iphoneos;
				SWIFT_COMPILATION_MODE = wholemodule;
				SWIFT_OPTIMIZATION_LEVEL = "-O";
				VALIDATE_PRODUCT = YES;
			};
			name = Release;
		};
		2FF117302179B38900D78431 /* Debug */ = {
			isa = XCBuildConfiguration;
			buildSettings = {
				ASSETCATALOG_COMPILER_APPICON_NAME = AppIcon;
				CODE_SIGN_STYLE = Automatic;
				DEVELOPMENT_TEAM = M4R3ZNHAV5;
				INFOPLIST_FILE = mvvmApp/Ressources/Info.plist;
				LD_RUNPATH_SEARCH_PATHS = (
					"$(inherited)",
					"@executable_path/Frameworks",
				);
				PRODUCT_BUNDLE_IDENTIFIER = com.OPC.mvvmApp;
				PRODUCT_NAME = "$(TARGET_NAME)";
				SWIFT_VERSION = 4.2;
				TARGETED_DEVICE_FAMILY = "1,2";
			};
			name = Debug;
		};
		2FF117312179B38900D78431 /* Release */ = {
			isa = XCBuildConfiguration;
			buildSettings = {
				ASSETCATALOG_COMPILER_APPICON_NAME = AppIcon;
				CODE_SIGN_STYLE = Automatic;
				DEVELOPMENT_TEAM = M4R3ZNHAV5;
				INFOPLIST_FILE = mvvmApp/Ressources/Info.plist;
				LD_RUNPATH_SEARCH_PATHS = (
					"$(inherited)",
					"@executable_path/Frameworks",
				);
				PRODUCT_BUNDLE_IDENTIFIER = com.OPC.mvvmApp;
				PRODUCT_NAME = "$(TARGET_NAME)";
				SWIFT_VERSION = 4.2;
				TARGETED_DEVICE_FAMILY = "1,2";
			};
			name = Release;
		};
		2FF117332179B38900D78431 /* Debug */ = {
			isa = XCBuildConfiguration;
			buildSettings = {
				ALWAYS_EMBED_SWIFT_STANDARD_LIBRARIES = YES;
				BUNDLE_LOADER = "$(TEST_HOST)";
				CLANG_ENABLE_MODULES = YES;
				CODE_SIGN_STYLE = Automatic;
				DEVELOPMENT_TEAM = M4R3ZNHAV5;
				INFOPLIST_FILE = mvvmAppTests/Info.plist;
				LD_RUNPATH_SEARCH_PATHS = (
					"$(inherited)",
					"@executable_path/Frameworks",
					"@loader_path/Frameworks",
				);
				PRODUCT_BUNDLE_IDENTIFIER = com.OPC.mvvmAppTests;
				PRODUCT_NAME = "$(TARGET_NAME)";
				SWIFT_OBJC_BRIDGING_HEADER = "mvvmAppTests/mvvmAppTests-Bridging-Header.h";
				SWIFT_OPTIMIZATION_LEVEL = "-Onone";
				SWIFT_VERSION = 4.2;
				TARGETED_DEVICE_FAMILY = "1,2";
				TEST_HOST = "$(BUILT_PRODUCTS_DIR)/mvvmApp.app/mvvmApp";
			};
			name = Debug;
		};
		2FF117342179B38900D78431 /* Release */ = {
			isa = XCBuildConfiguration;
			buildSettings = {
				ALWAYS_EMBED_SWIFT_STANDARD_LIBRARIES = YES;
				BUNDLE_LOADER = "$(TEST_HOST)";
				CLANG_ENABLE_MODULES = YES;
				CODE_SIGN_STYLE = Automatic;
				DEVELOPMENT_TEAM = M4R3ZNHAV5;
				INFOPLIST_FILE = mvvmAppTests/Info.plist;
				LD_RUNPATH_SEARCH_PATHS = (
					"$(inherited)",
					"@executable_path/Frameworks",
					"@loader_path/Frameworks",
				);
				PRODUCT_BUNDLE_IDENTIFIER = com.OPC.mvvmAppTests;
				PRODUCT_NAME = "$(TARGET_NAME)";
				SWIFT_OBJC_BRIDGING_HEADER = "mvvmAppTests/mvvmAppTests-Bridging-Header.h";
				SWIFT_VERSION = 4.2;
				TARGETED_DEVICE_FAMILY = "1,2";
				TEST_HOST = "$(BUILT_PRODUCTS_DIR)/mvvmApp.app/mvvmApp";
			};
			name = Release;
		};
/* End XCBuildConfiguration section */

/* Begin XCConfigurationList section */
		2FF1170D2179B38800D78431 /* Build configuration list for PBXProject "mvvmApp" */ = {
			isa = XCConfigurationList;
			buildConfigurations = (
				2FF1172D2179B38900D78431 /* Debug */,
				2FF1172E2179B38900D78431 /* Release */,
			);
			defaultConfigurationIsVisible = 0;
			defaultConfigurationName = Release;
		};
		2FF1172F2179B38900D78431 /* Build configuration list for PBXNativeTarget "mvvmApp" */ = {
			isa = XCConfigurationList;
			buildConfigurations = (
				2FF117302179B38900D78431 /* Debug */,
				2FF117312179B38900D78431 /* Release */,
			);
			defaultConfigurationIsVisible = 0;
			defaultConfigurationName = Release;
		};
		2FF117322179B38900D78431 /* Build configuration list for PBXNativeTarget "mvvmAppTests" */ = {
			isa = XCConfigurationList;
			buildConfigurations = (
				2FF117332179B38900D78431 /* Debug */,
				2FF117342179B38900D78431 /* Release */,
			);
			defaultConfigurationIsVisible = 0;
			defaultConfigurationName = Release;
		};
/* End XCConfigurationList section */
	};
	rootObject = 2FF1170A2179B38800D78431 /* Project object */;
}
